<Solution>
  <Folder Name="/Solution Items/">
    <File Path="Pack.bat" />
    <File Path="Push.bat" />
    <File Path="PushLocal.bat" />
    <File Path="README.md" />
  </Folder>
  <Project Path="Cadmus.Mat.Bricks/Cadmus.Mat.Bricks.csproj" />
  <Project Path="Cadmus.Refs.Bricks/Cadmus.Refs.Bricks.csproj" />
</Solution>
