
Microsoft Visual Studio Solution File, Format Version 12.00
# Visual Studio Version 17
VisualStudioVersion = 17.0.32014.148
MinimumVisualStudioVersion = 10.0.40219.1
Project("{9A19103F-16F7-4668-BE54-9A1E7A4F7556}") = "Cadmus.Refs.Bricks", "Cadmus.Refs.Bricks\Cadmus.Refs.Bricks.csproj", "{277783C0-5638-4C49-9FE4-0E5A2BDC9F9C}"
EndProject
Project("{2150E333-8FDC-42A3-9474-1A3956D46DE8}") = "Solution Items", "Solution Items", "{74FF188D-51EE-420C-BDCA-A359C0B4A3B7}"
	ProjectSection(SolutionItems) = preProject
		Pack.bat = Pack.bat
		Push.bat = Push.bat
		README.md = README.md
	EndProjectSection
EndProject
Project("{9A19103F-16F7-4668-BE54-9A1E7A4F7556}") = "Cadmus.Mat.Bricks", "Cadmus.Mat.Bricks\Cadmus.Mat.Bricks.csproj", "{709B4EE3-203F-4CF2-B20A-A2A51CE0C434}"
EndProject
Global
	GlobalSection(SolutionConfigurationPlatforms) = preSolution
		Debug|Any CPU = Debug|Any CPU
		Release|Any CPU = Release|Any CPU
	EndGlobalSection
	GlobalSection(ProjectConfigurationPlatforms) = postSolution
		{277783C0-5638-4C49-9FE4-0E5A2BDC9F9C}.Debug|Any CPU.ActiveCfg = Debug|Any CPU
		{277783C0-5638-4C49-9FE4-0E5A2BDC9F9C}.Debug|Any CPU.Build.0 = Debug|Any CPU
		{277783C0-5638-4C49-9FE4-0E5A2BDC9F9C}.Release|Any CPU.ActiveCfg = Release|Any CPU
		{277783C0-5638-4C49-9FE4-0E5A2BDC9F9C}.Release|Any CPU.Build.0 = Release|Any CPU
		{709B4EE3-203F-4CF2-B20A-A2A51CE0C434}.Debug|Any CPU.ActiveCfg = Debug|Any CPU
		{709B4EE3-203F-4CF2-B20A-A2A51CE0C434}.Debug|Any CPU.Build.0 = Debug|Any CPU
		{709B4EE3-203F-4CF2-B20A-A2A51CE0C434}.Release|Any CPU.ActiveCfg = Release|Any CPU
		{709B4EE3-203F-4CF2-B20A-A2A51CE0C434}.Release|Any CPU.Build.0 = Release|Any CPU
	EndGlobalSection
	GlobalSection(SolutionProperties) = preSolution
		HideSolutionNode = FALSE
	EndGlobalSection
	GlobalSection(ExtensibilityGlobals) = postSolution
		SolutionGuid = {76C59171-7F52-4469-9F46-3E5695452011}
	EndGlobalSection
EndGlobal
